
Microsoft Visual Studio Solution File, Format Version 12.00
# Visual Studio Version 17
VisualStudioVersion = 17.9.34607.119
MinimumVisualStudioVersion = 10.0.40219.1
Project("{FAE04EC0-301F-11D3-BF4B-00C04F79EFBC}") = "CS322-PZ", "CS322-PZ.csproj", "{B54158D7-B434-47A2-827F-717ECB286444}"
EndProject
Global
	GlobalSection(SolutionConfigurationPlatforms) = preSolution
		Debug|Any CPU = Debug|Any CPU
		Release|Any CPU = Release|Any CPU
	EndGlobalSection
	GlobalSection(ProjectConfigurationPlatforms) = postSolution
		{B54158D7-B434-47A2-827F-717ECB286444}.Debug|Any CPU.ActiveCfg = Debug|Any CPU
		{B54158D7-B434-47A2-827F-717ECB286444}.Debug|Any CPU.Build.0 = Debug|Any CPU
		{B54158D7-B434-47A2-827F-717ECB286444}.Release|Any CPU.ActiveCfg = Release|Any CPU
		{B54158D7-B434-47A2-827F-717ECB286444}.Release|Any CPU.Build.0 = Release|Any CPU
	EndGlobalSection
	GlobalSection(SolutionProperties) = preSolution
		HideSolutionNode = FALSE
	EndGlobalSection
	GlobalSection(ExtensibilityGlobals) = postSolution
		SolutionGuid = {0CA9F47C-82A8-4803-979A-DD984287FE72}
	EndGlobalSection
EndGlobal
